github.com/aws/aws-sdk-go-v2 v1.36.5 h1:0OF9RiEMEdDdZEMqF9MRjevyxAQcf6gY+E7vwBILFj0=
github.com/aws/aws-sdk-go-v2/aws/protocol/eventstream v1.6.11 h1:12SpdwU8Djs+YGklkinSSlcrPyj3H4VifVsKf78KbwA=
github.com/aws/aws-sdk-go-v2/credentials v1.16.12 h1:v/WgB8NxprNvr5inKIiVVrXPuuTegM+K8nncFkr1usU=
github.com/aws/aws-sdk-go-v2/credentials v1.16.12/go.mod h1:X21k0FjEJe+/pauud82HYiQbEr9jRKY3kXEIQ4hXeTQ=
github.com/aws/aws-sdk-go-v2/internal/configsources v1.3.36 h1:SsytQyTMHMDPspp+spo7XwXTP44aJZZAC7fBV2C5+5s=
github.com/aws/aws-sdk-go-v2/internal/endpoints/v2 v2.6.36 h1:i2vNHQiXUvKhs3quBR6aqlgJaiaexz/aNvdCktW/kAM=
github.com/aws/aws-sdk-go-v2/internal/v4a v1.3.36 h1:GMYy2EOWfzdP3wfVAGXBNKY5vK4K8vMET4sYOYltmqs=
github.com/aws/aws-sdk-go-v2/service/internal/accept-encoding v1.12.4 h1:CXV68E2dNqhuynZJPB80bhPQwAKqBWVer887figW6Jc=
github.com/aws/aws-sdk-go-v2/service/internal/checksum v1.7.4 h1:nAP2GYbfh8dd2zGZqFRSMlq+/F6cMPBUuCsGAMkN074=
github.com/aws/aws-sdk-go-v2/service/internal/presigned-url v1.12.17 h1:t0E6FzREdtCsiLIoLCWsYliNsRBgyGD/MCK571qk4MI=
github.com/aws/aws-sdk-go-v2/service/internal/s3shared v1.18.17 h1:qcLWgdhq45sDM9na4cvXax9dyLitn8EYBRl8Ak4XtG4=
github.com/aws/aws-sdk-go-v2/service/s3 v1.81.0 h1:1GmCadhKR3J2sMVKs2bAYq9VnwYeCqfRyZzD4RASGlA=
github.com/aws/smithy-go v1.22.4 h1:uqXzVZNuNexwc/xrh6Tb56u89WDlJY6HS+KC0S4QSjw=
